// !$*UTF8*$!
{
	archiveVersion = 1;
	classes = {
	};
	objectVersion = 46;
	objects = {

/* Begin PBXBuildFile section */
		748222691BCC83B600F4892B /* main.m in Sources */ = {isa = PBXBuildFile; fileRef = 748222681BCC83B600F4892B /* main.m */; };
		7482226C1BCC83B600F4892B /* AppDelegate.m in Sources */ = {isa = PBXBuildFile; fileRef = 7482226B1BCC83B600F4892B /* AppDelegate.m */; };
		748222741BCC83B600F4892B /* Assets.xcassets in Resources */ = {isa = PBXBuildFile; fileRef = 748222731BCC83B600F4892B /* Assets.xcassets */; };
		748222771BCC83B600F4892B /* LaunchScreen.storyboard in Resources */ = {isa = PBXBuildFile; fileRef = 748222751BCC83B600F4892B /* LaunchScreen.storyboard */; };
		748222821BCC83B600F4892B /* UCNewsTests.m in Sources */ = {isa = PBXBuildFile; fileRef = 748222811BCC83B600F4892B /* UCNewsTests.m */; };
		7482228D1BCC83B600F4892B /* UCNewsUITests.m in Sources */ = {isa = PBXBuildFile; fileRef = 7482228C1BCC83B600F4892B /* UCNewsUITests.m */; };
		748222AC1BCC83BF00F4892B /* Color.m in Sources */ = {isa = PBXBuildFile; fileRef = 7482229B1BCC83BF00F4892B /* Color.m */; settings = {ASSET_TAGS = (); }; };
		748222AD1BCC83BF00F4892B /* LayoutCollectionViewCell.m in Sources */ = {isa = PBXBuildFile; fileRef = 7482229D1BCC83BF00F4892B /* LayoutCollectionViewCell.m */; settings = {ASSET_TAGS = (); }; };
		748222AE1BCC83BF00F4892B /* LeftMenuView.m in Sources */ = {isa = PBXBuildFile; fileRef = 7482229F1BCC83BF00F4892B /* LeftMenuView.m */; settings = {ASSET_TAGS = (); }; };
		748222AF1BCC83BF00F4892B /* Page.m in Sources */ = {isa = PBXBuildFile; fileRef = 748222A11BCC83BF00F4892B /* Page.m */; settings = {ASSET_TAGS = (); }; };
		748222B01BCC83BF00F4892B /* SXLineLayout.m in Sources */ = {isa = PBXBuildFile; fileRef = 748222A31BCC83BF00F4892B /* SXLineLayout.m */; settings = {ASSET_TAGS = (); }; };
		748222B11BCC83BF00F4892B /* TopBtn.m in Sources */ = {isa = PBXBuildFile; fileRef = 748222A51BCC83BF00F4892B /* TopBtn.m */; settings = {ASSET_TAGS = (); }; };
		748222B21BCC83BF00F4892B /* TopLeftScrollView.m in Sources */ = {isa = PBXBuildFile; fileRef = 748222A71BCC83BF00F4892B /* TopLeftScrollView.m */; settings = {ASSET_TAGS = (); }; };
		748222B31BCC83BF00F4892B /* TopScrollView.m in Sources */ = {isa = PBXBuildFile; fileRef = 748222A91BCC83BF00F4892B /* TopScrollView.m */; settings = {ASSET_TAGS = (); }; };
		748222B41BCC83BF00F4892B /* UCViewController.m in Sources */ = {isa = PBXBuildFile; fileRef = 748222AB1BCC83BF00F4892B /* UCViewController.m */; settings = {ASSET_TAGS = (); }; };
		748222B81BCC84FC00F4892B /* UIColor+PublicTool.m in Sources */ = {isa = PBXBuildFile; fileRef = 748222B71BCC84FC00F4892B /* UIColor+PublicTool.m */; settings = {ASSET_TAGS = (); }; };
/* End PBXBuildFile section */

/* Begin PBXContainerItemProxy section */
		7482227E1BCC83B600F4892B /* PBXContainerItemProxy */ = {
			isa = PBXContainerItemProxy;
			containerPortal = 7482225C1BCC83B600F4892B /* Project object */;
			proxyType = 1;
			remoteGlobalIDString = 748222631BCC83B600F4892B;
			remoteInfo = UCNews;
		};
		748222891BCC83B600F4892B /* PBXContainerItemProxy */ = {
			isa = PBXContainerItemProxy;
			containerPortal = 7482225C1BCC83B600F4892B /* Project object */;
			proxyType = 1;
			remoteGlobalIDString = 748222631BCC83B600F4892B;
			remoteInfo = UCNews;
		};
/* End PBXContainerItemProxy section */

/* Begin PBXFileReference section */
		748222641BCC83B600F4892B /* UCNews.app */ = {isa = PBXFileReference; explicitFileType = wrapper.application; includeInIndex = 0; path = UCNews.app; sourceTree = BUILT_PRODUCTS_DIR; };
		748222681BCC83B600F4892B /* main.m */ = {isa = PBXFileReference; lastKnownFileType = sourcecode.c.objc; path = main.m; sourceTree = "<group>"; };
		7482226A1BCC83B600F4892B /* AppDelegate.h */ = {isa = PBXFileReference; lastKnownFileType = sourcecode.c.h; path = AppDelegate.h; sourceTree = "<group>"; };
		7482226B1BCC83B600F4892B /* AppDelegate.m */ = {isa = PBXFileReference; lastKnownFileType = sourcecode.c.objc; path = AppDelegate.m; sourceTree = "<group>"; };
		748222731BCC83B600F4892B /* Assets.xcassets */ = {isa = PBXFileReference; lastKnownFileType = folder.assetcatalog; path = Assets.xcassets; sourceTree = "<group>"; };
		748222761BCC83B600F4892B /* Base */ = {isa = PBXFileReference; lastKnownFileType = file.storyboard; name = Base; path = Base.lproj/LaunchScreen.storyboard; sourceTree = "<group>"; };
		748222781BCC83B600F4892B /* Info.plist */ = {isa = PBXFileReference; lastKnownFileType = text.plist.xml; path = Info.plist; sourceTree = "<group>"; };
		7482227D1BCC83B600F4892B /* UCNewsTests.xctest */ = {isa = PBXFileReference; explicitFileType = wrapper.cfbundle; includeInIndex = 0; path = UCNewsTests.xctest; sourceTree = BUILT_PRODUCTS_DIR; };
		748222811BCC83B600F4892B /* UCNewsTests.m */ = {isa = PBXFileReference; lastKnownFileType = sourcecode.c.objc; path = UCNewsTests.m; sourceTree = "<group>"; };
		748222831BCC83B600F4892B /* Info.plist */ = {isa = PBXFileReference; lastKnownFileType = text.plist.xml; path = Info.plist; sourceTree = "<group>"; };
		748222881BCC83B600F4892B /* UCNewsUITests.xctest */ = {isa = PBXFileReference; explicitFileType = wrapper.cfbundle; includeInIndex = 0; path = UCNewsUITests.xctest; sourceTree = BUILT_PRODUCTS_DIR; };
		7482228C1BCC83B600F4892B /* UCNewsUITests.m */ = {isa = PBXFileReference; lastKnownFileType = sourcecode.c.objc; path = UCNewsUITests.m; sourceTree = "<group>"; };
		7482228E1BCC83B600F4892B /* Info.plist */ = {isa = PBXFileReference; lastKnownFileType = text.plist.xml; path = Info.plist; sourceTree = "<group>"; };
		7482229A1BCC83BF00F4892B /* Color.h */ = {isa = PBXFileReference; fileEncoding = 4; lastKnownFileType = sourcecode.c.h; path = Color.h; sourceTree = "<group>"; };
		7482229B1BCC83BF00F4892B /* Color.m */ = {isa = PBXFileReference; fileEncoding = 4; lastKnownFileType = sourcecode.c.objc; path = Color.m; sourceTree = "<group>"; };
		7482229C1BCC83BF00F4892B /* LayoutCollectionViewCell.h */ = {isa = PBXFileReference; fileEncoding = 4; lastKnownFileType = sourcecode.c.h; path = LayoutCollectionViewCell.h; sourceTree = "<group>"; };
		7482229D1BCC83BF00F4892B /* LayoutCollectionViewCell.m */ = {isa = PBXFileReference; fileEncoding = 4; lastKnownFileType = sourcecode.c.objc; path = LayoutCollectionViewCell.m; sourceTree = "<group>"; };
		7482229E1BCC83BF00F4892B /* LeftMenuView.h */ = {isa = PBXFileReference; fileEncoding = 4; lastKnownFileType = sourcecode.c.h; path = LeftMenuView.h; sourceTree = "<group>"; };
		7482229F1BCC83BF00F4892B /* LeftMenuView.m */ = {isa = PBXFileReference; fileEncoding = 4; lastKnownFileType = sourcecode.c.objc; path = LeftMenuView.m; sourceTree = "<group>"; };
		748222A01BCC83BF00F4892B /* Page.h */ = {isa = PBXFileReference; fileEncoding = 4; lastKnownFileType = sourcecode.c.h; path = Page.h; sourceTree = "<group>"; };
		748222A11BCC83BF00F4892B /* Page.m */ = {isa = PBXFileReference; fileEncoding = 4; lastKnownFileType = sourcecode.c.objc; path = Page.m; sourceTree = "<group>"; };
		748222A21BCC83BF00F4892B /* SXLineLayout.h */ = {isa = PBXFileReference; fileEncoding = 4; lastKnownFileType = sourcecode.c.h; path = SXLineLayout.h; sourceTree = "<group>"; };
		748222A31BCC83BF00F4892B /* SXLineLayout.m */ = {isa = PBXFileReference; fileEncoding = 4; lastKnownFileType = sourcecode.c.objc; path = SXLineLayout.m; sourceTree = "<group>"; };
		748222A41BCC83BF00F4892B /* TopBtn.h */ = {isa = PBXFileReference; fileEncoding = 4; lastKnownFileType = sourcecode.c.h; path = TopBtn.h; sourceTree = "<group>"; };
		748222A51BCC83BF00F4892B /* TopBtn.m */ = {isa = PBXFileReference; fileEncoding = 4; lastKnownFileType = sourcecode.c.objc; path = TopBtn.m; sourceTree = "<group>"; };
		748222A61BCC83BF00F4892B /* TopLeftScrollView.h */ = {isa = PBXFileReference; fileEncoding = 4; lastKnownFileType = sourcecode.c.h; path = TopLeftScrollView.h; sourceTree = "<group>"; };
		748222A71BCC83BF00F4892B /* TopLeftScrollView.m */ = {isa = PBXFileReference; fileEncoding = 4; lastKnownFileType = sourcecode.c.objc; path = TopLeftScrollView.m; sourceTree = "<group>"; };
		748222A81BCC83BF00F4892B /* TopScrollView.h */ = {isa = PBXFileReference; fileEncoding = 4; lastKnownFileType = sourcecode.c.h; path = TopScrollView.h; sourceTree = "<group>"; };
		748222A91BCC83BF00F4892B /* TopScrollView.m */ = {isa = PBXFileReference; fileEncoding = 4; lastKnownFileType = sourcecode.c.objc; path = TopScrollView.m; sourceTree = "<group>"; };
		748222AA1BCC83BF00F4892B /* UCViewController.h */ = {isa = PBXFileReference; fileEncoding = 4; lastKnownFileType = sourcecode.c.h; path = UCViewController.h; sourceTree = "<group>"; };
		748222AB1BCC83BF00F4892B /* UCViewController.m */ = {isa = PBXFileReference; fileEncoding = 4; lastKnownFileType = sourcecode.c.objc; path = UCViewController.m; sourceTree = "<group>"; };
		748222B51BCC846000F4892B /* PrefixHeader.pch */ = {isa = PBXFileReference; lastKnownFileType = sourcecode.c.h; path = PrefixHeader.pch; sourceTree = "<group>"; };
		748222B61BCC84FC00F4892B /* UIColor+PublicTool.h */ = {isa = PBXFileReference; fileEncoding = 4; lastKnownFileType = sourcecode.c.h; path = "UIColor+PublicTool.h"; sourceTree = "<group>"; };
		748222B71BCC84FC00F4892B /* UIColor+PublicTool.m */ = {isa = PBXFileReference; fileEncoding = 4; lastKnownFileType = sourcecode.c.objc; path = "UIColor+PublicTool.m"; sourceTree = "<group>"; };
/* End PBXFileReference section */

/* Begin PBXFrameworksBuildPhase section */
		748222611BCC83B600F4892B /* Frameworks */ = {
			isa = PBXFrameworksBuildPhase;
			buildActionMask = 2147483647;
			files = (
			);
			runOnlyForDeploymentPostprocessing = 0;
		};
		7482227A1BCC83B600F4892B /* Frameworks */ = {
			isa = PBXFrameworksBuildPhase;
			buildActionMask = 2147483647;
			files = (
			);
			runOnlyForDeploymentPostprocessing = 0;
		};
		748222851BCC83B600F4892B /* Frameworks */ = {
			isa = PBXFrameworksBuildPhase;
			buildActionMask = 2147483647;
			files = (
			);
			runOnlyForDeploymentPostprocessing = 0;
		};
/* End PBXFrameworksBuildPhase section */

/* Begin PBXGroup section */
		7482225B1BCC83B600F4892B = {
			isa = PBXGroup;
			children = (
				748222661BCC83B600F4892B /* UCNews */,
				748222801BCC83B600F4892B /* UCNewsTests */,
				7482228B1BCC83B600F4892B /* UCNewsUITests */,
				748222651BCC83B600F4892B /* Products */,
			);
			sourceTree = "<group>";
		};
		748222651BCC83B600F4892B /* Products */ = {
			isa = PBXGroup;
			children = (
				748222641BCC83B600F4892B /* UCNews.app */,
				7482227D1BCC83B600F4892B /* UCNewsTests.xctest */,
				748222881BCC83B600F4892B /* UCNewsUITests.xctest */,
			);
			name = Products;
			sourceTree = "<group>";
		};
		748222661BCC83B600F4892B /* UCNews */ = {
			isa = PBXGroup;
			children = (
				748222B61BCC84FC00F4892B /* UIColor+PublicTool.h */,
				748222B71BCC84FC00F4892B /* UIColor+PublicTool.m */,
				7482229A1BCC83BF00F4892B /* Color.h */,
				7482229B1BCC83BF00F4892B /* Color.m */,
				7482229C1BCC83BF00F4892B /* LayoutCollectionViewCell.h */,
				7482229D1BCC83BF00F4892B /* LayoutCollectionViewCell.m */,
				7482229E1BCC83BF00F4892B /* LeftMenuView.h */,
				7482229F1BCC83BF00F4892B /* LeftMenuView.m */,
				748222A01BCC83BF00F4892B /* Page.h */,
				748222A11BCC83BF00F4892B /* Page.m */,
				748222A21BCC83BF00F4892B /* SXLineLayout.h */,
				748222A31BCC83BF00F4892B /* SXLineLayout.m */,
				748222A41BCC83BF00F4892B /* TopBtn.h */,
				748222A51BCC83BF00F4892B /* TopBtn.m */,
				748222A61BCC83BF00F4892B /* TopLeftScrollView.h */,
				748222A71BCC83BF00F4892B /* TopLeftScrollView.m */,
				748222A81BCC83BF00F4892B /* TopScrollView.h */,
				748222A91BCC83BF00F4892B /* TopScrollView.m */,
				748222AA1BCC83BF00F4892B /* UCViewController.h */,
				748222AB1BCC83BF00F4892B /* UCViewController.m */,
				7482226A1BCC83B600F4892B /* AppDelegate.h */,
				7482226B1BCC83B600F4892B /* AppDelegate.m */,
				748222731BCC83B600F4892B /* Assets.xcassets */,
				748222751BCC83B600F4892B /* LaunchScreen.storyboard */,
				748222781BCC83B600F4892B /* Info.plist */,
				748222671BCC83B600F4892B /* Supporting Files */,
			);
			path = UCNews;
			sourceTree = "<group>";
		};
		748222671BCC83B600F4892B /* Supporting Files */ = {
			isa = PBXGroup;
			children = (
				748222B51BCC846000F4892B /* PrefixHeader.pch */,
				748222681BCC83B600F4892B /* main.m */,
			);
			name = "Supporting Files";
			sourceTree = "<group>";
		};
		748222801BCC83B600F4892B /* UCNewsTests */ = {
			isa = PBXGroup;
			children = (
				748222811BCC83B600F4892B /* UCNewsTests.m */,
				748222831BCC83B600F4892B /* Info.plist */,
			);
			path = UCNewsTests;
			sourceTree = "<group>";
		};
		7482228B1BCC83B600F4892B /* UCNewsUITests */ = {
			isa = PBXGroup;
			children = (
				7482228C1BCC83B600F4892B /* UCNewsUITests.m */,
				7482228E1BCC83B600F4892B /* Info.plist */,
			);
			path = UCNewsUITests;
			sourceTree = "<group>";
		};
/* End PBXGroup section */

/* Begin PBXNativeTarget section */
		748222631BCC83B600F4892B /* UCNews */ = {
			isa = PBXNativeTarget;
			buildConfigurationList = 748222911BCC83B600F4892B /* Build configuration list for PBXNativeTarget "UCNews" */;
			buildPhases = (
				748222601BCC83B600F4892B /* Sources */,
				748222611BCC83B600F4892B /* Frameworks */,
				748222621BCC83B600F4892B /* Resources */,
			);
			buildRules = (
			);
			dependencies = (
			);
			name = UCNews;
			productName = UCNews;
			productReference = 748222641BCC83B600F4892B /* UCNews.app */;
			productType = "com.apple.product-type.application";
		};
		7482227C1BCC83B600F4892B /* UCNewsTests */ = {
			isa = PBXNativeTarget;
			buildConfigurationList = 748222941BCC83B600F4892B /* Build configuration list for PBXNativeTarget "UCNewsTests" */;
			buildPhases = (
				748222791BCC83B600F4892B /* Sources */,
				7482227A1BCC83B600F4892B /* Frameworks */,
				7482227B1BCC83B600F4892B /* Resources */,
			);
			buildRules = (
			);
			dependencies = (
				7482227F1BCC83B600F4892B /* PBXTargetDependency */,
			);
			name = UCNewsTests;
			productName = UCNewsTests;
			productReference = 7482227D1BCC83B600F4892B /* UCNewsTests.xctest */;
			productType = "com.apple.product-type.bundle.unit-test";
		};
		748222871BCC83B600F4892B /* UCNewsUITests */ = {
			isa = PBXNativeTarget;
			buildConfigurationList = 748222971BCC83B600F4892B /* Build configuration list for PBXNativeTarget "UCNewsUITests" */;
			buildPhases = (
				748222841BCC83B600F4892B /* Sources */,
				748222851BCC83B600F4892B /* Frameworks */,
				748222861BCC83B600F4892B /* Resources */,
			);
			buildRules = (
			);
			dependencies = (
				7482228A1BCC83B600F4892B /* PBXTargetDependency */,
			);
			name = UCNewsUITests;
			productName = UCNewsUITests;
			productReference = 748222881BCC83B600F4892B /* UCNewsUITests.xctest */;
			productType = "com.apple.product-type.bundle.ui-testing";
		};
/* End PBXNativeTarget section */

/* Begin PBXProject section */
		7482225C1BCC83B600F4892B /* Project object */ = {
			isa = PBXProject;
			attributes = {
				LastUpgradeCheck = 0700;
				ORGANIZATIONNAME = chen;
				TargetAttributes = {
					748222631BCC83B600F4892B = {
						CreatedOnToolsVersion = 7.0;
					};
					7482227C1BCC83B600F4892B = {
						CreatedOnToolsVersion = 7.0;
						TestTargetID = 748222631BCC83B600F4892B;
					};
					748222871BCC83B600F4892B = {
						CreatedOnToolsVersion = 7.0;
						TestTargetID = 748222631BCC83B600F4892B;
					};
				};
			};
			buildConfigurationList = 7482225F1BCC83B600F4892B /* Build configuration list for PBXProject "UCNews" */;
			compatibilityVersion = "Xcode 3.2";
			developmentRegion = English;
			hasScannedForEncodings = 0;
			knownRegions = (
				en,
				Base,
			);
			mainGroup = 7482225B1BCC83B600F4892B;
			productRefGroup = 748222651BCC83B600F4892B /* Products */;
			projectDirPath = "";
			projectRoot = "";
			targets = (
				748222631BCC83B600F4892B /* UCNews */,
				7482227C1BCC83B600F4892B /* UCNewsTests */,
				748222871BCC83B600F4892B /* UCNewsUITests */,
			);
		};
/* End PBXProject section */

/* Begin PBXResourcesBuildPhase section */
		748222621BCC83B600F4892B /* Resources */ = {
			isa = PBXResourcesBuildPhase;
			buildActionMask = 2147483647;
			files = (
				748222771BCC83B600F4892B /* LaunchScreen.storyboard in Resources */,
				748222741BCC83B600F4892B /* Assets.xcassets in Resources */,
			);
			runOnlyForDeploymentPostprocessing = 0;
		};
		7482227B1BCC83B600F4892B /* Resources */ = {
			isa = PBXResourcesBuildPhase;
			buildActionMask = 2147483647;
			files = (
			);
			runOnlyForDeploymentPostprocessing = 0;
		};
		748222861BCC83B600F4892B /* Resources */ = {
			isa = PBXResourcesBuildPhase;
			buildActionMask = 2147483647;
			files = (
			);
			runOnlyForDeploymentPostprocessing = 0;
		};
/* End PBXResourcesBuildPhase section */

/* Begin PBXSourcesBuildPhase section */
		748222601BCC83B600F4892B /* Sources */ = {
			isa = PBXSourcesBuildPhase;
			buildActionMask = 2147483647;
			files = (
				748222B81BCC84FC00F4892B /* UIColor+PublicTool.m in Sources */,
				748222AE1BCC83BF00F4892B /* LeftMenuView.m in Sources */,
				748222B31BCC83BF00F4892B /* TopScrollView.m in Sources */,
				748222AF1BCC83BF00F4892B /* Page.m in Sources */,
				748222B01BCC83BF00F4892B /* SXLineLayout.m in Sources */,
				748222AC1BCC83BF00F4892B /* Color.m in Sources */,
				748222AD1BCC83BF00F4892B /* LayoutCollectionViewCell.m in Sources */,
				748222B21BCC83BF00F4892B /* TopLeftScrollView.m in Sources */,
				748222B41BCC83BF00F4892B /* UCViewController.m in Sources */,
				7482226C1BCC83B600F4892B /* AppDelegate.m in Sources */,
				748222691BCC83B600F4892B /* main.m in Sources */,
				748222B11BCC83BF00F4892B /* TopBtn.m in Sources */,
			);
			runOnlyForDeploymentPostprocessing = 0;
		};
		748222791BCC83B600F4892B /* Sources */ = {
			isa = PBXSourcesBuildPhase;
			buildActionMask = 2147483647;
			files = (
				748222821BCC83B600F4892B /* UCNewsTests.m in Sources */,
			);
			runOnlyForDeploymentPostprocessing = 0;
		};
		748222841BCC83B600F4892B /* Sources */ = {
			isa = PBXSourcesBuildPhase;
			buildActionMask = 2147483647;
			files = (
				7482228D1BCC83B600F4892B /* UCNewsUITests.m in Sources */,
			);
			runOnlyForDeploymentPostprocessing = 0;
		};
/* End PBXSourcesBuildPhase section */

/* Begin PBXTargetDependency section */
		7482227F1BCC83B600F4892B /* PBXTargetDependency */ = {
			isa = PBXTargetDependency;
			target = 748222631BCC83B600F4892B /* UCNews */;
			targetProxy = 7482227E1BCC83B600F4892B /* PBXContainerItemProxy */;
		};
		7482228A1BCC83B600F4892B /* PBXTargetDependency */ = {
			isa = PBXTargetDependency;
			target = 748222631BCC83B600F4892B /* UCNews */;
			targetProxy = 748222891BCC83B600F4892B /* PBXContainerItemProxy */;
		};
/* End PBXTargetDependency section */

/* Begin PBXVariantGroup section */
		748222751BCC83B600F4892B /* LaunchScreen.storyboard */ = {
			isa = PBXVariantGroup;
			children = (
				748222761BCC83B600F4892B /* Base */,
			);
			name = LaunchScreen.storyboard;
			sourceTree = "<group>";
		};
/* End PBXVariantGroup section */

/* Begin XCBuildConfiguration section */
		7482228F1BCC83B600F4892B /* Debug */ = {
			isa = XCBuildConfiguration;
			buildSettings = {
				ALWAYS_SEARCH_USER_PATHS = NO;
				CLANG_CXX_LANGUAGE_STANDARD = "gnu++0x";
				CLANG_CXX_LIBRARY = "libc++";
				CLANG_ENABLE_MODULES = YES;
				CLANG_ENABLE_OBJC_ARC = YES;
				CLANG_WARN_BOOL_CONVERSION = YES;
				CLANG_WARN_CONSTANT_CONVERSION = YES;
				CLANG_WARN_DIRECT_OBJC_ISA_USAGE = YES_ERROR;
				CLANG_WARN_EMPTY_BODY = YES;
				CLANG_WARN_ENUM_CONVERSION = YES;
				CLANG_WARN_INT_CONVERSION = YES;
				CLANG_WARN_OBJC_ROOT_CLASS = YES_ERROR;
				CLANG_WARN_UNREACHABLE_CODE = YES;
				CLANG_WARN__DUPLICATE_METHOD_MATCH = YES;
				"CODE_SIGN_IDENTITY[sdk=iphoneos*]" = "iPhone Developer";
				COPY_PHASE_STRIP = NO;
				DEBUG_INFORMATION_FORMAT = dwarf;
				ENABLE_STRICT_OBJC_MSGSEND = YES;
				ENABLE_TESTABILITY = YES;
				GCC_C_LANGUAGE_STANDARD = gnu99;
				GCC_DYNAMIC_NO_PIC = NO;
				GCC_NO_COMMON_BLOCKS = YES;
				GCC_OPTIMIZATION_LEVEL = 0;
				GCC_PREPROCESSOR_DEFINITIONS = (
					"DEBUG=1",
					"$(inherited)",
				);
				GCC_WARN_64_TO_32_BIT_CONVERSION = YES;
				GCC_WARN_ABOUT_RETURN_TYPE = YES_ERROR;
				GCC_WARN_UNDECLARED_SELECTOR = YES;
				GCC_WARN_UNINITIALIZED_AUTOS = YES_AGGRESSIVE;
				GCC_WARN_UNUSED_FUNCTION = YES;
				GCC_WARN_UNUSED_VARIABLE = YES;
				IPHONEOS_DEPLOYMENT_TARGET = 9.0;
				MTL_ENABLE_DEBUG_INFO = YES;
				ONLY_ACTIVE_ARCH = YES;
				SDKROOT = iphoneos;
			};
			name = Debug;
		};
		748222901BCC83B600F4892B /* Release */ = {
			isa = XCBuildConfiguration;
			buildSettings = {
				ALWAYS_SEARCH_USER_PATHS = NO;
				CLANG_CXX_LANGUAGE_STANDARD = "gnu++0x";
				CLANG_CXX_LIBRARY = "libc++";
				CLANG_ENABLE_MODULES = YES;
				CLANG_ENABLE_OBJC_ARC = YES;
				CLANG_WARN_BOOL_CONVERSION = YES;
				CLANG_WARN_CONSTANT_CONVERSION = YES;
				CLANG_WARN_DIRECT_OBJC_ISA_USAGE = YES_ERROR;
				CLANG_WARN_EMPTY_BODY = YES;
				CLANG_WARN_ENUM_CONVERSION = YES;
				CLANG_WARN_INT_CONVERSION = YES;
				CLANG_WARN_OBJC_ROOT_CLASS = YES_ERROR;
				CLANG_WARN_UNREACHABLE_CODE = YES;
				CLANG_WARN__DUPLICATE_METHOD_MATCH = YES;
				"CODE_SIGN_IDENTITY[sdk=iphoneos*]" = "iPhone Developer";
				COPY_PHASE_STRIP = NO;
				DEBUG_INFORMATION_FORMAT = "dwarf-with-dsym";
				ENABLE_NS_ASSERTIONS = NO;
				ENABLE_STRICT_OBJC_MSGSEND = YES;
				GCC_C_LANGUAGE_STANDARD = gnu99;
				GCC_NO_COMMON_BLOCKS = YES;
				GCC_WARN_64_TO_32_BIT_CONVERSION = YES;
				GCC_WARN_ABOUT_RETURN_TYPE = YES_ERROR;
				GCC_WARN_UNDECLARED_SELECTOR = YES;
				GCC_WARN_UNINITIALIZED_AUTOS = YES_AGGRESSIVE;
				GCC_WARN_UNUSED_FUNCTION = YES;
				GCC_WARN_UNUSED_VARIABLE = YES;
				IPHONEOS_DEPLOYMENT_TARGET = 9.0;
				MTL_ENABLE_DEBUG_INFO = NO;
				SDKROOT = iphoneos;
				VALIDATE_PRODUCT = YES;
			};
			name = Release;
		};
		748222921BCC83B600F4892B /* Debug */ = {
			isa = XCBuildConfiguration;
			buildSettings = {
				ASSETCATALOG_COMPILER_APPICON_NAME = AppIcon;
				GCC_PREFIX_HEADER = UCNews/PrefixHeader.pch;
				INFOPLIST_FILE = UCNews/Info.plist;
				LD_RUNPATH_SEARCH_PATHS = "$(inherited) @executable_path/Frameworks";
				PRODUCT_BUNDLE_IDENTIFIER = chen.UCNews;
				PRODUCT_NAME = "$(TARGET_NAME)";
			};
			name = Debug;
		};
		748222931BCC83B600F4892B /* Release */ = {
			isa = XCBuildConfiguration;
			buildSettings = {
				ASSETCATALOG_COMPILER_APPICON_NAME = AppIcon;
				GCC_PREFIX_HEADER = UCNews/PrefixHeader.pch;
				INFOPLIST_FILE = UCNews/Info.plist;
				LD_RUNPATH_SEARCH_PATHS = "$(inherited) @executable_path/Frameworks";
				PRODUCT_BUNDLE_IDENTIFIER = chen.UCNews;
				PRODUCT_NAME = "$(TARGET_NAME)";
			};
			name = Release;
		};
		748222951BCC83B600F4892B /* Debug */ = {
			isa = XCBuildConfiguration;
			buildSettings = {
				BUNDLE_LOADER = "$(TEST_HOST)";
				INFOPLIST_FILE = UCNewsTests/Info.plist;
				LD_RUNPATH_SEARCH_PATHS = "$(inherited) @executable_path/Frameworks @loader_path/Frameworks";
				PRODUCT_BUNDLE_IDENTIFIER = chen.UCNewsTests;
				PRODUCT_NAME = "$(TARGET_NAME)";
				TEST_HOST = "$(BUILT_PRODUCTS_DIR)/UCNews.app/UCNews";
			};
			name = Debug;
		};
		748222961BCC83B600F4892B /* Release */ = {
			isa = XCBuildConfiguration;
			buildSettings = {
				BUNDLE_LOADER = "$(TEST_HOST)";
				INFOPLIST_FILE = UCNewsTests/Info.plist;
				LD_RUNPATH_SEARCH_PATHS = "$(inherited) @executable_path/Frameworks @loader_path/Frameworks";
				PRODUCT_BUNDLE_IDENTIFIER = chen.UCNewsTests;
				PRODUCT_NAME = "$(TARGET_NAME)";
				TEST_HOST = "$(BUILT_PRODUCTS_DIR)/UCNews.app/UCNews";
			};
			name = Release;
		};
		748222981BCC83B600F4892B /* Debug */ = {
			isa = XCBuildConfiguration;
			buildSettings = {
				INFOPLIST_FILE = UCNewsUITests/Info.plist;
				LD_RUNPATH_SEARCH_PATHS = "$(inherited) @executable_path/Frameworks @loader_path/Frameworks";
				PRODUCT_BUNDLE_IDENTIFIER = chen.UCNewsUITests;
				PRODUCT_NAME = "$(TARGET_NAME)";
				TEST_TARGET_NAME = UCNews;
				USES_XCTRUNNER = YES;
			};
			name = Debug;
		};
		748222991BCC83B600F4892B /* Release */ = {
			isa = XCBuildConfiguration;
			buildSettings = {
				INFOPLIST_FILE = UCNewsUITests/Info.plist;
				LD_RUNPATH_SEARCH_PATHS = "$(inherited) @executable_path/Frameworks @loader_path/Frameworks";
				PRODUCT_BUNDLE_IDENTIFIER = chen.UCNewsUITests;
				PRODUCT_NAME = "$(TARGET_NAME)";
				TEST_TARGET_NAME = UCNews;
				USES_XCTRUNNER = YES;
			};
			name = Release;
		};
/* End XCBuildConfiguration section */

/* Begin XCConfigurationList section */
		7482225F1BCC83B600F4892B /* Build configuration list for PBXProject "UCNews" */ = {
			isa = XCConfigurationList;
			buildConfigurations = (
				7482228F1BCC83B600F4892B /* Debug */,
				748222901BCC83B600F4892B /* Release */,
			);
			defaultConfigurationIsVisible = 0;
			defaultConfigurationName = Release;
		};
		748222911BCC83B600F4892B /* Build configuration list for PBXNativeTarget "UCNews" */ = {
			isa = XCConfigurationList;
			buildConfigurations = (
				748222921BCC83B600F4892B /* Debug */,
				748222931BCC83B600F4892B /* Release */,
			);
			defaultConfigurationIsVisible = 0;
			defaultConfigurationName = Release;
		};
		748222941BCC83B600F4892B /* Build configuration list for PBXNativeTarget "UCNewsTests" */ = {
			isa = XCConfigurationList;
			buildConfigurations = (
				748222951BCC83B600F4892B /* Debug */,
				748222961BCC83B600F4892B /* Release */,
			);
			defaultConfigurationIsVisible = 0;
			defaultConfigurationName = Release;
		};
		748222971BCC83B600F4892B /* Build configuration list for PBXNativeTarget "UCNewsUITests" */ = {
			isa = XCConfigurationList;
			buildConfigurations = (
				748222981BCC83B600F4892B /* Debug */,
				748222991BCC83B600F4892B /* Release */,
			);
			defaultConfigurationIsVisible = 0;
			defaultConfigurationName = Release;
		};
/* End XCConfigurationList section */
	};
	rootObject = 7482225C1BCC83B600F4892B /* Project object */;
}
